
Microsoft Visual Studio Solution File, Format Version 12.00
# Visual Studio Version 17
VisualStudioVersion = 17.14.37216.2 d17.14
MinimumVisualStudioVersion = 10.0.40219.1
Project("{FAE04EC0-301F-11D3-BF4B-00C04F79EFBC}") = "ReciclaApp", "ReciclaApp\ReciclaApp.csproj", "{02E7C2D2-2610-4D11-A6F9-966EEEA8CFE7}"
EndProject
Global
	GlobalSection(SolutionConfigurationPlatforms) = preSolution
		Debug|Any CPU = Debug|Any CPU
		Release|Any CPU = Release|Any CPU
	EndGlobalSection
	GlobalSection(ProjectConfigurationPlatforms) = postSolution
		{02E7C2D2-2610-4D11-A6F9-966EEEA8CFE7}.Debug|Any CPU.ActiveCfg = Debug|Any CPU
		{02E7C2D2-2610-4D11-A6F9-966EEEA8CFE7}.Debug|Any CPU.Build.0 = Debug|Any CPU
		{02E7C2D2-2610-4D11-A6F9-966EEEA8CFE7}.Release|Any CPU.ActiveCfg = Release|Any CPU
		{02E7C2D2-2610-4D11-A6F9-966EEEA8CFE7}.Release|Any CPU.Build.0 = Release|Any CPU
	EndGlobalSection
	GlobalSection(SolutionProperties) = preSolution
		HideSolutionNode = FALSE
	EndGlobalSection
	GlobalSection(ExtensibilityGlobals) = postSolution
		SolutionGuid = {DA9A119E-9384-49E7-9691-476100AAB36E}
	EndGlobalSection
EndGlobal
